lockfileVersion: 5.3

specifiers:
  koa: ^2.13.4
  node-schedule: ^2.1.0

dependencies:
  koa: registry.npmmirror.com/koa/2.13.4
  node-schedule: registry.npmmirror.com/node-schedule/2.1.0

packages:

  registry.nlark.com/accepts/1.3.7:
    resolution: {integrity: sha1-UxvHJlF6OytB+FACHGzBXqq1B80=, registry: https://registry.npm.taobao.org/, tarball: https://registry.nlark.com/accepts/download/accepts-1.3.7.tgz}
    name: accepts
    version: 1.3.7
    engines: {node: '>= 0.6'}
    dependencies:
      mime-types: registry.npmmirror.com/mime-types/2.1.34
      negotiator: registry.nlark.com/negotiator/0.6.2
    dev: false

  registry.nlark.com/cache-content-type/1.0.1:
    resolution: {integrity: sha1-A1zeKwjuISn0qDFeqPAKANuhRTw=, registry: https://registry.npm.taobao.org/, tarball: https://registry.nlark.com/cache-content-type/download/cache-content-type-1.0.1.tgz}
    name: cache-content-type
    version: 1.0.1
    engines: {node: '>= 6.0.0'}
    dependencies:
      mime-types: registry.npmmirror.com/mime-types/2.1.34
      ylru: registry.nlark.com/ylru/1.2.1
    dev: false

  registry.nlark.com/call-bind/1.0.2:
    resolution: {integrity: sha1-sdTonmiBGcPJqQOtMKuy9qkZvjw=, registry: https://registry.npm.taobao.org/, tarball: https://registry.nlark.com/call-bind/download/call-bind-1.0.2.tgz}
    name: call-bind
    version: 1.0.2
    dependencies:
      function-bind: registry.nlark.com/function-bind/1.1.1
      get-intrinsic: registry.nlark.com/get-intrinsic/1.1.1
    dev: false

  registry.nlark.com/co/4.6.0:
    resolution: {integrity: sha1-bqa989hTrlTMuOR7+gvz+QMfsYQ=, registry: https://registry.npm.taobao.org/, tarball: https://registry.nlark.com/co/download/co-4.6.0.tgz}
    name: co
    version: 4.6.0
    engines: {iojs: '>= 1.0.0', node: '>= 0.12.0'}
    dev: false

  registry.nlark.com/content-type/1.0.4:
    resolution: {integrity: sha1-4TjMdeBAxyexlm/l5fjJruJW/js=, registry: https://registry.npm.taobao.org/, tarball: https://registry.nlark.com/content-type/download/content-type-1.0.4.tgz}
    name: content-type
    version: 1.0.4
    engines: {node: '>= 0.6'}
    dev: false

  registry.nlark.com/deep-equal/1.0.1:
    resolution: {integrity: sha1-9dJgKStmDghO/0zbyfCK0yR0SLU=, registry: https://registry.npm.taobao.org/, tarball: https://registry.nlark.com/deep-equal/download/deep-equal-1.0.1.tgz}
    name: deep-equal
    version: 1.0.1
    dev: false

  registry.nlark.com/define-properties/1.1.3:
    resolution: {integrity: sha1-z4jabL7ib+bbcJT2HYcMvYTO6fE=, registry: https://registry.npm.taobao.org/, tarball: https://registry.nlark.com/define-properties/download/define-properties-1.1.3.tgz}
    name: define-properties
    version: 1.1.3
    engines: {node: '>= 0.4'}
    dependencies:
      object-keys: registry.nlark.com/object-keys/1.1.1
    dev: false

  registry.nlark.com/delegates/1.0.0:
    resolution: {integrity: sha1-hMbhWbgZBP3KWaDvRM2HDTElD5o=, registry: https://registry.npm.taobao.org/, tarball: https://registry.nlark.com/delegates/download/delegates-1.0.0.tgz}
    name: delegates
    version: 1.0.0
    dev: false

  registry.nlark.com/depd/1.1.2:
    resolution: {integrity: sha1-m81S4UwJd2PnSbJ0xDRu0uVgtak=, registry: https://registry.npm.taobao.org/, tarball: https://registry.nlark.com/depd/download/depd-1.1.2.tgz}
    name: depd
    version: 1.1.2
    engines: {node: '>= 0.6'}
    dev: false

  registry.nlark.com/depd/2.0.0:
    resolution: {integrity: sha1-tpYWPMdXVg0JzyLMj60Vcbeedt8=, registry: https://registry.npm.taobao.org/, tarball: https://registry.nlark.com/depd/download/depd-2.0.0.tgz}
    name: depd
    version: 2.0.0
    engines: {node: '>= 0.8'}
    dev: false

  registry.nlark.com/destroy/1.0.4:
    resolution: {integrity: sha1-l4hXRCxEdJ5CBmE+N5RiBYJqvYA=, registry: https://registry.npm.taobao.org/, tarball: https://registry.nlark.com/destroy/download/destroy-1.0.4.tgz}
    name: destroy
    version: 1.0.4
    dev: false

  registry.nlark.com/ee-first/1.1.1:
    resolution: {integrity: sha1-WQxhFWsK4vTwJVcyoViyZrxWsh0=, registry: https://registry.npm.taobao.org/, tarball: https://registry.nlark.com/ee-first/download/ee-first-1.1.1.tgz}
    name: ee-first
    version: 1.1.1
    dev: false

  registry.nlark.com/encodeurl/1.0.2:
    resolution: {integrity: sha1-rT/0yG7C0CkyL1oCw6mmBslbP1k=, registry: https://registry.npm.taobao.org/, tarball: https://registry.nlark.com/encodeurl/download/encodeurl-1.0.2.tgz}
    name: encodeurl
    version: 1.0.2
    engines: {node: '>= 0.8'}
    dev: false

  registry.nlark.com/escape-html/1.0.3:
    resolution: {integrity: sha1-Aljq5NPQwJdN4cFpGI7wBR0dGYg=, registry: https://registry.npm.taobao.org/, tarball: https://registry.nlark.com/escape-html/download/escape-html-1.0.3.tgz}
    name: escape-html
    version: 1.0.3
    dev: false

  registry.nlark.com/fresh/0.5.2:
    resolution: {integrity: sha1-PYyt2Q2XZWn6g1qx+OSyOhBWBac=, registry: https://registry.npm.taobao.org/, tarball: https://registry.nlark.com/fresh/download/fresh-0.5.2.tgz}
    name: fresh
    version: 0.5.2
    engines: {node: '>= 0.6'}
    dev: false

  registry.nlark.com/function-bind/1.1.1:
    resolution: {integrity: sha1-pWiZ0+o8m6uHS7l3O3xe3pL0iV0=, registry: https://registry.npm.taobao.org/, tarball: https://registry.nlark.com/function-bind/download/function-bind-1.1.1.tgz}
    name: function-bind
    version: 1.1.1
    dev: false

  registry.nlark.com/get-intrinsic/1.1.1:
    resolution: {integrity: sha1-FfWfN2+FXERpY5SPDSTNNje0q8Y=, registry: https://registry.npm.taobao.org/, tarball: https://registry.nlark.com/get-intrinsic/download/get-intrinsic-1.1.1.tgz}
    name: get-intrinsic
    version: 1.1.1
    dependencies:
      function-bind: registry.nlark.com/function-bind/1.1.1
      has: registry.nlark.com/has/1.0.3
      has-symbols: registry.nlark.com/has-symbols/1.0.2
    dev: false

  registry.nlark.com/has-symbols/1.0.2:
    resolution: {integrity: sha1-Fl0wcMADCXUqEjakeTMeOsVvFCM=, registry: https://registry.npm.taobao.org/, tarball: https://registry.nlark.com/has-symbols/download/has-symbols-1.0.2.tgz}
    name: has-symbols
    version: 1.0.2
    engines: {node: '>= 0.4'}
    dev: false

  registry.nlark.com/has-tostringtag/1.0.0:
    resolution: {integrity: sha1-fhM4GKfTlHNPlB5zw9P5KR5liyU=, registry: https://registry.npm.taobao.org/, tarball: https://registry.nlark.com/has-tostringtag/download/has-tostringtag-1.0.0.tgz}
    name: has-tostringtag
    version: 1.0.0
    engines: {node: '>= 0.4'}
    dependencies:
      has-symbols: registry.nlark.com/has-symbols/1.0.2
    dev: false

  registry.nlark.com/has/1.0.3:
    resolution: {integrity: sha1-ci18v8H2qoJB8W3YFOAR4fQeh5Y=, registry: https://registry.npm.taobao.org/, tarball: https://registry.nlark.com/has/download/has-1.0.3.tgz}
    name: has
    version: 1.0.3
    engines: {node: '>= 0.4.0'}
    dependencies:
      function-bind: registry.nlark.com/function-bind/1.1.1
    dev: false

  registry.nlark.com/http-assert/1.5.0:
    resolution: {integrity: sha1-w4nM2HrBbtLfpiRv1zuSaqAOa48=, registry: https://registry.npm.taobao.org/, tarball: https://registry.nlark.com/http-assert/download/http-assert-1.5.0.tgz}
    name: http-assert
    version: 1.5.0
    engines: {node: '>= 0.8'}
    dependencies:
      deep-equal: registry.nlark.com/deep-equal/1.0.1
      http-errors: registry.npmmirror.com/http-errors/1.8.1
    dev: false

  registry.nlark.com/inherits/2.0.4:
    resolution: {integrity: sha1-D6LGT5MpF8NDOg3tVTY6rjdBa3w=, registry: https://registry.npm.taobao.org/, tarball: https://registry.nlark.com/inherits/download/inherits-2.0.4.tgz}
    name: inherits
    version: 2.0.4
    dev: false

  registry.nlark.com/is-generator-function/1.0.10:
    resolution: {integrity: sha1-8VWLrxrBfg3up8BBXEODUf8rPHI=, registry: https://registry.npm.taobao.org/, tarball: https://registry.nlark.com/is-generator-function/download/is-generator-function-1.0.10.tgz}
    name: is-generator-function
    version: 1.0.10
    engines: {node: '>= 0.4'}
    dependencies:
      has-tostringtag: registry.nlark.com/has-tostringtag/1.0.0
    dev: false

  registry.nlark.com/is-nan/1.3.2:
    resolution: {integrity: sha1-BDpUreoxdItVts1OCara+mm9nh0=, registry: https://registry.npm.taobao.org/, tarball: https://registry.nlark.com/is-nan/download/is-nan-1.3.2.tgz}
    name: is-nan
    version: 1.3.2
    engines: {node: '>= 0.4'}
    dependencies:
      call-bind: registry.nlark.com/call-bind/1.0.2
      define-properties: registry.nlark.com/define-properties/1.1.3
    dev: false

  registry.nlark.com/keygrip/1.1.0:
    resolution: {integrity: sha1-hxsWgdXhWcYqRFsMdLYV4JF+ciY=, registry: https://registry.npm.taobao.org/, tarball: https://registry.nlark.com/keygrip/download/keygrip-1.1.0.tgz}
    name: keygrip
    version: 1.1.0
    engines: {node: '>= 0.6'}
    dependencies:
      tsscmp: registry.nlark.com/tsscmp/1.0.6
    dev: false

  registry.nlark.com/koa-convert/2.0.0:
    resolution: {integrity: sha1-hqDETYHUBVG64i/uZwmQRXPupPU=, registry: https://registry.npm.taobao.org/, tarball: https://registry.nlark.com/koa-convert/download/koa-convert-2.0.0.tgz}
    name: koa-convert
    version: 2.0.0
    engines: {node: '>= 10'}
    dependencies:
      co: registry.nlark.com/co/4.6.0
      koa-compose: registry.npmmirror.com/koa-compose/4.1.0
    dev: false

  registry.nlark.com/media-typer/0.3.0:
    resolution: {integrity: sha1-hxDXrwqmJvj/+hzgAWhUUmMlV0g=, registry: https://registry.npm.taobao.org/, tarball: https://registry.nlark.com/media-typer/download/media-typer-0.3.0.tgz}
    name: media-typer
    version: 0.3.0
    engines: {node: '>= 0.6'}
    dev: false

  registry.nlark.com/negotiator/0.6.2:
    resolution: {integrity: sha1-/qz3zPUlp3rpY0Q2pkiD/+yjRvs=, registry: https://registry.npm.taobao.org/, tarball: https://registry.nlark.com/negotiator/download/negotiator-0.6.2.tgz}
    name: negotiator
    version: 0.6.2
    engines: {node: '>= 0.6'}
    dev: false

  registry.nlark.com/object-keys/1.1.1:
    resolution: {integrity: sha1-HEfyct8nfzsdrwYWd9nILiMixg4=, registry: https://registry.npm.taobao.org/, tarball: https://registry.nlark.com/object-keys/download/object-keys-1.1.1.tgz}
    name: object-keys
    version: 1.1.1
    engines: {node: '>= 0.4'}
    dev: false

  registry.nlark.com/on-finished/2.3.0:
    resolution: {integrity: sha1-IPEzZIGwg811M3mSoWlxqi2QaUc=, registry: https://registry.npm.taobao.org/, tarball: https://registry.nlark.com/on-finished/download/on-finished-2.3.0.tgz}
    name: on-finished
    version: 2.3.0
    engines: {node: '>= 0.8'}
    dependencies:
      ee-first: registry.nlark.com/ee-first/1.1.1
    dev: false

  registry.nlark.com/only/0.0.2:
    resolution: {integrity: sha1-Kv3oTQPlC5qO3EROMGEKcCle37Q=, registry: https://registry.npm.taobao.org/, tarball: https://registry.nlark.com/only/download/only-0.0.2.tgz}
    name: only
    version: 0.0.2
    dev: false

  registry.nlark.com/parseurl/1.3.3:
    resolution: {integrity: sha1-naGee+6NEt/wUT7Vt2lXeTvC6NQ=, registry: https://registry.npm.taobao.org/, tarball: https://registry.nlark.com/parseurl/download/parseurl-1.3.3.tgz}
    name: parseurl
    version: 1.3.3
    engines: {node: '>= 0.8'}
    dev: false

  registry.nlark.com/safe-buffer/5.2.1:
    resolution: {integrity: sha1-Hq+fqb2x/dTsdfWPnNtOa3gn7sY=, registry: https://registry.npm.taobao.org/, tarball: https://registry.nlark.com/safe-buffer/download/safe-buffer-5.2.1.tgz}
    name: safe-buffer
    version: 5.2.1
    dev: false

  registry.nlark.com/setprototypeof/1.2.0:
    resolution: {integrity: sha1-ZsmiSnP5/CjL5msJ/tPTPcrxtCQ=, registry: https://registry.npm.taobao.org/, tarball: https://registry.nlark.com/setprototypeof/download/setprototypeof-1.2.0.tgz}
    name: setprototypeof
    version: 1.2.0
    dev: false

  registry.nlark.com/statuses/1.5.0:
    resolution: {integrity: sha1-Fhx9rBd2Wf2YEfQ3cfqZOBR4Yow=, registry: https://registry.npm.taobao.org/, tarball: https://registry.nlark.com/statuses/download/statuses-1.5.0.tgz}
    name: statuses
    version: 1.5.0
    engines: {node: '>= 0.6'}
    dev: false

  registry.nlark.com/tsscmp/1.0.6:
    resolution: {integrity: sha1-hbmVg6w1iexL/vgltQAKqRHWBes=, registry: https://registry.npm.taobao.org/, tarball: https://registry.nlark.com/tsscmp/download/tsscmp-1.0.6.tgz}
    name: tsscmp
    version: 1.0.6
    engines: {node: '>=0.6.x'}
    dev: false

  registry.nlark.com/type-is/1.6.18:
    resolution: {integrity: sha1-TlUs0F3wlGfcvE73Od6J8s83wTE=, registry: https://registry.npm.taobao.org/, tarball: https://registry.nlark.com/type-is/download/type-is-1.6.18.tgz}
    name: type-is
    version: 1.6.18
    engines: {node: '>= 0.6'}
    dependencies:
      media-typer: registry.nlark.com/media-typer/0.3.0
      mime-types: registry.npmmirror.com/mime-types/2.1.34
    dev: false

  registry.nlark.com/vary/1.1.2:
    resolution: {integrity: sha1-IpnwLG3tMNSllhsLn3RSShj2NPw=, registry: https://registry.npm.taobao.org/, tarball: https://registry.nlark.com/vary/download/vary-1.1.2.tgz}
    name: vary
    version: 1.1.2
    engines: {node: '>= 0.8'}
    dev: false

  registry.nlark.com/ylru/1.2.1:
    resolution: {integrity: sha1-9Xa2M0FUeYnB3nuiiHYJI7J/6E8=, registry: https://registry.npm.taobao.org/, tarball: https://registry.nlark.com/ylru/download/ylru-1.2.1.tgz}
    name: ylru
    version: 1.2.1
    engines: {node: '>= 4.0.0'}
    dev: false

  registry.npmmirror.com/content-disposition/0.5.4:
    resolution: {integrity: sha512-FveZTNuGw04cxlAiWbzi6zTAL/lhehaWbTtgluJh4/E95DqMwTmha3KZN1aAWA8cFIhHzMZUvLevkw5Rqk+tSQ==, registry: https://registry.npm.taobao.org/, tarball: https://registry.npmmirror.com/content-disposition/download/content-disposition-0.5.4.tgz}
    name: content-disposition
    version: 0.5.4
    engines: {node: '>= 0.6'}
    dependencies:
      safe-buffer: registry.nlark.com/safe-buffer/5.2.1
    dev: false

  registry.npmmirror.com/cookies/0.8.0:
    resolution: {integrity: sha512-8aPsApQfebXnuI+537McwYsDtjVxGm8gTIzQI3FDW6t5t/DAhERxtnbEPN/8RX+uZthoz4eCOgloXaE5cYyNow==, registry: https://registry.npm.taobao.org/, tarball: https://registry.npmmirror.com/cookies/download/cookies-0.8.0.tgz}
    name: cookies
    version: 0.8.0
    engines: {node: '>= 0.8'}
    dependencies:
      depd: registry.nlark.com/depd/2.0.0
      keygrip: registry.nlark.com/keygrip/1.1.0
    dev: false

  registry.npmmirror.com/cron-parser/3.5.0:
    resolution: {integrity: sha1-sanalRTAMQqn75nC8/HQ+MI1JXw=, registry: https://registry.npm.taobao.org/, tarball: https://registry.npmmirror.com/cron-parser/download/cron-parser-3.5.0.tgz}
    name: cron-parser
    version: 3.5.0
    engines: {node: '>=0.8'}
    dependencies:
      is-nan: registry.nlark.com/is-nan/1.3.2
      luxon: registry.npmmirror.com/luxon/1.28.0
    dev: false

  registry.npmmirror.com/debug/4.3.3:
    resolution: {integrity: sha512-/zxw5+vh1Tfv+4Qn7a5nsbcJKPaSvCDhojn6FEl9vupwK2VCSDtEiEtqr8DFtzYFOdz63LBkxec7DYuc2jon6Q==, registry: https://registry.npm.taobao.org/, tarball: https://registry.npmmirror.com/debug/download/debug-4.3.3.tgz}
    name: debug
    version: 4.3.3
    engines: {node: '>=6.0'}
    peerDependencies:
      supports-color: '*'
    peerDependenciesMeta:
      supports-color:
        optional: true
    dependencies:
      ms: registry.npmmirror.com/ms/2.1.2
    dev: false

  registry.npmmirror.com/http-errors/1.8.1:
    resolution: {integrity: sha512-Kpk9Sm7NmI+RHhnj6OIWDI1d6fIoFAtFt9RLaTMRlg/8w49juAStsrBgp0Dp4OdxdVbRIeKhtCUvoi/RuAhO4g==, registry: https://registry.npm.taobao.org/, tarball: https://registry.npmmirror.com/http-errors/download/http-errors-1.8.1.tgz}
    name: http-errors
    version: 1.8.1
    engines: {node: '>= 0.6'}
    dependencies:
      depd: registry.nlark.com/depd/1.1.2
      inherits: registry.nlark.com/inherits/2.0.4
      setprototypeof: registry.nlark.com/setprototypeof/1.2.0
      statuses: registry.nlark.com/statuses/1.5.0
      toidentifier: registry.npmmirror.com/toidentifier/1.0.1
    dev: false

  registry.npmmirror.com/koa-compose/4.1.0:
    resolution: {integrity: sha1-UHMGuTcZAdtBEhyBLpI9DWfT6Hc=, registry: https://registry.npm.taobao.org/, tarball: https://registry.npmmirror.com/koa-compose/download/koa-compose-4.1.0.tgz}
    name: koa-compose
    version: 4.1.0
    dev: false

  registry.npmmirror.com/koa/2.13.4:
    resolution: {integrity: sha512-43zkIKubNbnrULWlHdN5h1g3SEKXOEzoAlRsHOTFpnlDu8JlAOZSMJBLULusuXRequboiwJcj5vtYXKB3k7+2g==, registry: https://registry.npm.taobao.org/, tarball: https://registry.npmmirror.com/koa/download/koa-2.13.4.tgz}
    name: koa
    version: 2.13.4
    engines: {node: ^4.8.4 || ^6.10.1 || ^7.10.1 || >= 8.1.4}
    dependencies:
      accepts: registry.nlark.com/accepts/1.3.7
      cache-content-type: registry.nlark.com/cache-content-type/1.0.1
      content-disposition: registry.npmmirror.com/content-disposition/0.5.4
      content-type: registry.nlark.com/content-type/1.0.4
      cookies: registry.npmmirror.com/cookies/0.8.0
      debug: registry.npmmirror.com/debug/4.3.3
      delegates: registry.nlark.com/delegates/1.0.0
      depd: registry.nlark.com/depd/2.0.0
      destroy: registry.nlark.com/destroy/1.0.4
      encodeurl: registry.nlark.com/encodeurl/1.0.2
      escape-html: registry.nlark.com/escape-html/1.0.3
      fresh: registry.nlark.com/fresh/0.5.2
      http-assert: registry.nlark.com/http-assert/1.5.0
      http-errors: registry.npmmirror.com/http-errors/1.8.1
      is-generator-function: registry.nlark.com/is-generator-function/1.0.10
      koa-compose: registry.npmmirror.com/koa-compose/4.1.0
      koa-convert: registry.nlark.com/koa-convert/2.0.0
      on-finished: registry.nlark.com/on-finished/2.3.0
      only: registry.nlark.com/only/0.0.2
      parseurl: registry.nlark.com/parseurl/1.3.3
      statuses: registry.nlark.com/statuses/1.5.0
      type-is: registry.nlark.com/type-is/1.6.18
      vary: registry.nlark.com/vary/1.1.2
    transitivePeerDependencies:
      - supports-color
    dev: false

  registry.npmmirror.com/long-timeout/0.1.1:
    resolution: {integrity: sha1-lyHXiLR+C8taJMLivuGg2lXatRQ=, registry: https://registry.npm.taobao.org/, tarball: https://registry.npmmirror.com/long-timeout/download/long-timeout-0.1.1.tgz}
    name: long-timeout
    version: 0.1.1
    dev: false

  registry.npmmirror.com/luxon/1.28.0:
    resolution: {integrity: sha512-TfTiyvZhwBYM/7QdAVDh+7dBTBA29v4ik0Ce9zda3Mnf8on1S5KJI8P2jKFZ8+5C0jhmr0KwJEO/Wdpm0VeWJQ==, registry: https://registry.npm.taobao.org/, tarball: https://registry.npmmirror.com/luxon/download/luxon-1.28.0.tgz}
    name: luxon
    version: 1.28.0
    dev: false

  registry.npmmirror.com/mime-db/1.51.0:
    resolution: {integrity: sha512-5y8A56jg7XVQx2mbv1lu49NR4dokRnhZYTtL+KGfaa27uq4pSTXkwQkFJl4pkRMyNFz/EtYDSkiiEHx3F7UN6g==, registry: https://registry.npm.taobao.org/, tarball: https://registry.npmmirror.com/mime-db/download/mime-db-1.51.0.tgz}
    name: mime-db
    version: 1.51.0
    engines: {node: '>= 0.6'}
    dev: false

  registry.npmmirror.com/mime-types/2.1.34:
    resolution: {integrity: sha512-6cP692WwGIs9XXdOO4++N+7qjqv0rqxxVvJ3VHPh/Sc9mVZcQP+ZGhkKiTvWMQRr2tbHkJP/Yn7Y0npb3ZBs4A==, registry: https://registry.npm.taobao.org/, tarball: https://registry.npmmirror.com/mime-types/download/mime-types-2.1.34.tgz}
    name: mime-types
    version: 2.1.34
    engines: {node: '>= 0.6'}
    dependencies:
      mime-db: registry.npmmirror.com/mime-db/1.51.0
    dev: false

  registry.npmmirror.com/ms/2.1.2:
    resolution: {integrity: sha1-0J0fNXtEP0kzgqjrPM0YOHKuYAk=, registry: https://registry.npm.taobao.org/, tarball: https://registry.npmmirror.com/ms/download/ms-2.1.2.tgz}
    name: ms
    version: 2.1.2
    dev: false

  registry.npmmirror.com/node-schedule/2.1.0:
    resolution: {integrity: sha512-nl4JTiZ7ZQDc97MmpTq9BQjYhq7gOtoh7SiPH069gBFBj0PzD8HI7zyFs6rzqL8Y5tTiEEYLxgtbx034YPrbyQ==, registry: https://registry.npm.taobao.org/, tarball: https://registry.npmmirror.com/node-schedule/download/node-schedule-2.1.0.tgz}
    name: node-schedule
    version: 2.1.0
    engines: {node: '>=6'}
    dependencies:
      cron-parser: registry.npmmirror.com/cron-parser/3.5.0
      long-timeout: registry.npmmirror.com/long-timeout/0.1.1
      sorted-array-functions: registry.npmmirror.com/sorted-array-functions/1.3.0
    dev: false

  registry.npmmirror.com/sorted-array-functions/1.3.0:
    resolution: {integrity: sha1-hgVpVWMpTf+yyXltYCvYRZ96DdU=, registry: https://registry.npm.taobao.org/, tarball: https://registry.npmmirror.com/sorted-array-functions/download/sorted-array-functions-1.3.0.tgz}
    name: sorted-array-functions
    version: 1.3.0
    dev: false

  registry.npmmirror.com/toidentifier/1.0.1:
    resolution: {integrity: sha512-o5sSPKEkg/DIQNmH43V0/uerLrpzVedkUh8tGNvaeXpfpuwjKenlSox/2O/BTlZUtEe+JG7s5YhEz608PlAHRA==, registry: https://registry.npm.taobao.org/, tarball: https://registry.npmmirror.com/toidentifier/download/toidentifier-1.0.1.tgz?cache=0&sync_timestamp=1636938741580&other_urls=https%3A%2F%2Fregistry.npmmirror.com%2Ftoidentifier%2Fdownload%2Ftoidentifier-1.0.1.tgz}
    name: toidentifier
    version: 1.0.1
    engines: {node: '>=0.6'}
    dev: false
